
Microsoft Visual Studio Solution File, Format Version 12.00
# Visual Studio Version 17
VisualStudioVersion = 17.4.33213.308
MinimumVisualStudioVersion = 10.0.40219.1
Project("{FAE04EC0-301F-11D3-BF4B-00C04F79EFBC}") = "NNP", "NNP.csproj", "{9934676F-3A5F-4FEC-88B2-34DE95FD16DF}"
EndProject
Global
	GlobalSection(SolutionConfigurationPlatforms) = preSolution
		Debug|Any CPU = Debug|Any CPU
		Release|Any CPU = Release|Any CPU
	EndGlobalSection
	GlobalSection(ProjectConfigurationPlatforms) = postSolution
		{9934676F-3A5F-4FEC-88B2-34DE95FD16DF}.Debug|Any CPU.ActiveCfg = Debug|Any CPU
		{9934676F-3A5F-4FEC-88B2-34DE95FD16DF}.Debug|Any CPU.Build.0 = Debug|Any CPU
		{9934676F-3A5F-4FEC-88B2-34DE95FD16DF}.Release|Any CPU.ActiveCfg = Release|Any CPU
		{9934676F-3A5F-4FEC-88B2-34DE95FD16DF}.Release|Any CPU.Build.0 = Release|Any CPU
	EndGlobalSection
	GlobalSection(SolutionProperties) = preSolution
		HideSolutionNode = FALSE
	EndGlobalSection
	GlobalSection(ExtensibilityGlobals) = postSolution
		SolutionGuid = {2A18C129-D5BA-448D-8D86-E23E2A13CBB8}
	EndGlobalSection
EndGlobal
